// !$*UTF8*$!
{
	archiveVersion = 1;
	classes = {
	};
	objectVersion = 46;
	objects = {

/* Begin PBXBuildFile section */
		8D9043181AA7A7F200F8868F /* main.m in Sources */ = {isa = PBXBuildFile; fileRef = 8D9043171AA7A7F200F8868F /* main.m */; };
		8D90431B1AA7A7F200F8868F /* AppDelegate.m in Sources */ = {isa = PBXBuildFile; fileRef = 8D90431A1AA7A7F200F8868F /* AppDelegate.m */; };
		8D90431E1AA7A7F200F8868F /* ViewController.m in Sources */ = {isa = PBXBuildFile; fileRef = 8D90431D1AA7A7F200F8868F /* ViewController.m */; };
		8D9043211AA7A7F200F8868F /* Main.storyboard in Resources */ = {isa = PBXBuildFile; fileRef = 8D90431F1AA7A7F200F8868F /* Main.storyboard */; };
		8D9043231AA7A7F200F8868F /* Images.xcassets in Resources */ = {isa = PBXBuildFile; fileRef = 8D9043221AA7A7F200F8868F /* Images.xcassets */; };
		8D9043261AA7A7F200F8868F /* LaunchScreen.xib in Resources */ = {isa = PBXBuildFile; fileRef = 8D9043241AA7A7F200F8868F /* LaunchScreen.xib */; };
		8D9043321AA7A7F200F8868F /* iOSTestFlickrTests.m in Sources */ = {isa = PBXBuildFile; fileRef = 8D9043311AA7A7F200F8868F /* iOSTestFlickrTests.m */; };
		8D9043401AA7A86900F8868F /* FlickrCollectionViewController.m in Sources */ = {isa = PBXBuildFile; fileRef = 8D90433F1AA7A86900F8868F /* FlickrCollectionViewController.m */; };
		8D9043431AA7AB3700F8868F /* ServerCalls.m in Sources */ = {isa = PBXBuildFile; fileRef = 8D9043421AA7AB3700F8868F /* ServerCalls.m */; };
		8D9043461AA7B46D00F8868F /* FlickrPhoto.m in Sources */ = {isa = PBXBuildFile; fileRef = 8D9043451AA7B46D00F8868F /* FlickrPhoto.m */; };
		8D9043491AA7B6D500F8868F /* PhotoCollectionViewCell.m in Sources */ = {isa = PBXBuildFile; fileRef = 8D9043481AA7B6D500F8868F /* PhotoCollectionViewCell.m */; };
		8D9189AD1AAA358F00E6F04D /* BrowserViewController.m in Sources */ = {isa = PBXBuildFile; fileRef = 8D9189AC1AAA358F00E6F04D /* BrowserViewController.m */; };
/* End PBXBuildFile section */

/* Begin PBXContainerItemProxy section */
		8D90432C1AA7A7F200F8868F /* PBXContainerItemProxy */ = {
			isa = PBXContainerItemProxy;
			containerPortal = 8D90430A1AA7A7F100F8868F /* Project object */;
			proxyType = 1;
			remoteGlobalIDString = 8D9043111AA7A7F100F8868F;
			remoteInfo = iOSTestFlickr;
		};
/* End PBXContainerItemProxy section */

/* Begin PBXFileReference section */
		8D9043121AA7A7F200F8868F /* iOSTestFlickr.app */ = {isa = PBXFileReference; explicitFileType = wrapper.application; includeInIndex = 0; path = iOSTestFlickr.app; sourceTree = BUILT_PRODUCTS_DIR; };
		8D9043161AA7A7F200F8868F /* Info.plist */ = {isa = PBXFileReference; lastKnownFileType = text.plist.xml; path = Info.plist; sourceTree = "<group>"; };
		8D9043171AA7A7F200F8868F /* main.m */ = {isa = PBXFileReference; lastKnownFileType = sourcecode.c.objc; path = main.m; sourceTree = "<group>"; };
		8D9043191AA7A7F200F8868F /* AppDelegate.h */ = {isa = PBXFileReference; lastKnownFileType = sourcecode.c.h; path = AppDelegate.h; sourceTree = "<group>"; };
		8D90431A1AA7A7F200F8868F /* AppDelegate.m */ = {isa = PBXFileReference; lastKnownFileType = sourcecode.c.objc; path = AppDelegate.m; sourceTree = "<group>"; };
		8D90431C1AA7A7F200F8868F /* ViewController.h */ = {isa = PBXFileReference; lastKnownFileType = sourcecode.c.h; path = ViewController.h; sourceTree = "<group>"; };
		8D90431D1AA7A7F200F8868F /* ViewController.m */ = {isa = PBXFileReference; lastKnownFileType = sourcecode.c.objc; path = ViewController.m; sourceTree = "<group>"; };
		8D9043201AA7A7F200F8868F /* Base */ = {isa = PBXFileReference; lastKnownFileType = file.storyboard; name = Base; path = Base.lproj/Main.storyboard; sourceTree = "<group>"; };
		8D9043221AA7A7F200F8868F /* Images.xcassets */ = {isa = PBXFileReference; lastKnownFileType = folder.assetcatalog; path = Images.xcassets; sourceTree = "<group>"; };
		8D9043251AA7A7F200F8868F /* Base */ = {isa = PBXFileReference; lastKnownFileType = file.xib; name = Base; path = Base.lproj/LaunchScreen.xib; sourceTree = "<group>"; };
		8D90432B1AA7A7F200F8868F /* iOSTestFlickrTests.xctest */ = {isa = PBXFileReference; explicitFileType = wrapper.cfbundle; includeInIndex = 0; path = iOSTestFlickrTests.xctest; sourceTree = BUILT_PRODUCTS_DIR; };
		8D9043301AA7A7F200F8868F /* Info.plist */ = {isa = PBXFileReference; lastKnownFileType = text.plist.xml; path = Info.plist; sourceTree = "<group>"; };
		8D9043311AA7A7F200F8868F /* iOSTestFlickrTests.m */ = {isa = PBXFileReference; lastKnownFileType = sourcecode.c.objc; path = iOSTestFlickrTests.m; sourceTree = "<group>"; };
		8D90433E1AA7A86900F8868F /* FlickrCollectionViewController.h */ = {isa = PBXFileReference; fileEncoding = 4; lastKnownFileType = sourcecode.c.h; path = FlickrCollectionViewController.h; sourceTree = "<group>"; };
		8D90433F1AA7A86900F8868F /* FlickrCollectionViewController.m */ = {isa = PBXFileReference; fileEncoding = 4; lastKnownFileType = sourcecode.c.objc; path = FlickrCollectionViewController.m; sourceTree = "<group>"; };
		8D9043411AA7AB3700F8868F /* ServerCalls.h */ = {isa = PBXFileReference; fileEncoding = 4; lastKnownFileType = sourcecode.c.h; name = ServerCalls.h; path = Models/ServerCalls.h; sourceTree = "<group>"; };
		8D9043421AA7AB3700F8868F /* ServerCalls.m */ = {isa = PBXFileReference; fileEncoding = 4; lastKnownFileType = sourcecode.c.objc; name = ServerCalls.m; path = Models/ServerCalls.m; sourceTree = "<group>"; };
		8D9043441AA7B46D00F8868F /* FlickrPhoto.h */ = {isa = PBXFileReference; fileEncoding = 4; lastKnownFileType = sourcecode.c.h; name = FlickrPhoto.h; path = Models/FlickrPhoto.h; sourceTree = "<group>"; };
		8D9043451AA7B46D00F8868F /* FlickrPhoto.m */ = {isa = PBXFileReference; fileEncoding = 4; lastKnownFileType = sourcecode.c.objc; name = FlickrPhoto.m; path = Models/FlickrPhoto.m; sourceTree = "<group>"; };
		8D9043471AA7B6D500F8868F /* PhotoCollectionViewCell.h */ = {isa = PBXFileReference; fileEncoding = 4; lastKnownFileType = sourcecode.c.h; name = PhotoCollectionViewCell.h; path = Models/PhotoCollectionViewCell.h; sourceTree = "<group>"; };
		8D9043481AA7B6D500F8868F /* PhotoCollectionViewCell.m */ = {isa = PBXFileReference; fileEncoding = 4; lastKnownFileType = sourcecode.c.objc; name = PhotoCollectionViewCell.m; path = Models/PhotoCollectionViewCell.m; sourceTree = "<group>"; };
		8D9189AB1AAA358F00E6F04D /* BrowserViewController.h */ = {isa = PBXFileReference; fileEncoding = 4; lastKnownFileType = sourcecode.c.h; path = BrowserViewController.h; sourceTree = "<group>"; };
		8D9189AC1AAA358F00E6F04D /* BrowserViewController.m */ = {isa = PBXFileReference; fileEncoding = 4; lastKnownFileType = sourcecode.c.objc; path = BrowserViewController.m; sourceTree = "<group>"; };
/* End PBXFileReference section */

/* Begin PBXFrameworksBuildPhase section */
		8D90430F1AA7A7F100F8868F /* Frameworks */ = {
			isa = PBXFrameworksBuildPhase;
			buildActionMask = 2147483647;
			files = (
			);
			runOnlyForDeploymentPostprocessing = 0;
		};
		8D9043281AA7A7F200F8868F /* Frameworks */ = {
			isa = PBXFrameworksBuildPhase;
			buildActionMask = 2147483647;
			files = (
			);
			runOnlyForDeploymentPostprocessing = 0;
		};
/* End PBXFrameworksBuildPhase section */

/* Begin PBXGroup section */
		8D9043091AA7A7F100F8868F = {
			isa = PBXGroup;
			children = (
				8D9043141AA7A7F200F8868F /* iOSTestFlickr */,
				8D90432E1AA7A7F200F8868F /* iOSTestFlickrTests */,
				8D9043131AA7A7F200F8868F /* Products */,
			);
			sourceTree = "<group>";
		};
		8D9043131AA7A7F200F8868F /* Products */ = {
			isa = PBXGroup;
			children = (
				8D9043121AA7A7F200F8868F /* iOSTestFlickr.app */,
				8D90432B1AA7A7F200F8868F /* iOSTestFlickrTests.xctest */,
			);
			name = Products;
			sourceTree = "<group>";
		};
		8D9043141AA7A7F200F8868F /* iOSTestFlickr */ = {
			isa = PBXGroup;
			children = (
				8D90433B1AA7A80000F8868F /* Models */,
				8D90433D1AA7A81300F8868F /* Controllers */,
				8D90433C1AA7A80800F8868F /* Views */,
				8D9043221AA7A7F200F8868F /* Images.xcassets */,
				8D9043151AA7A7F200F8868F /* Supporting Files */,
			);
			path = iOSTestFlickr;
			sourceTree = "<group>";
		};
		8D9043151AA7A7F200F8868F /* Supporting Files */ = {
			isa = PBXGroup;
			children = (
				8D9043191AA7A7F200F8868F /* AppDelegate.h */,
				8D90431A1AA7A7F200F8868F /* AppDelegate.m */,
				8D9043161AA7A7F200F8868F /* Info.plist */,
				8D9043171AA7A7F200F8868F /* main.m */,
			);
			name = "Supporting Files";
			sourceTree = "<group>";
		};
		8D90432E1AA7A7F200F8868F /* iOSTestFlickrTests */ = {
			isa = PBXGroup;
			children = (
				8D9043311AA7A7F200F8868F /* iOSTestFlickrTests.m */,
				8D90432F1AA7A7F200F8868F /* Supporting Files */,
			);
			path = iOSTestFlickrTests;
			sourceTree = "<group>";
		};
		8D90432F1AA7A7F200F8868F /* Supporting Files */ = {
			isa = PBXGroup;
			children = (
				8D9043301AA7A7F200F8868F /* Info.plist */,
			);
			name = "Supporting Files";
			sourceTree = "<group>";
		};
		8D90433B1AA7A80000F8868F /* Models */ = {
			isa = PBXGroup;
			children = (
				8D9043411AA7AB3700F8868F /* ServerCalls.h */,
				8D9043421AA7AB3700F8868F /* ServerCalls.m */,
				8D9043441AA7B46D00F8868F /* FlickrPhoto.h */,
				8D9043451AA7B46D00F8868F /* FlickrPhoto.m */,
				8D9043471AA7B6D500F8868F /* PhotoCollectionViewCell.h */,
				8D9043481AA7B6D500F8868F /* PhotoCollectionViewCell.m */,
			);
			name = Models;
			sourceTree = "<group>";
		};
		8D90433C1AA7A80800F8868F /* Views */ = {
			isa = PBXGroup;
			children = (
				8D90431F1AA7A7F200F8868F /* Main.storyboard */,
				8D9043241AA7A7F200F8868F /* LaunchScreen.xib */,
			);
			name = Views;
			sourceTree = "<group>";
		};
		8D90433D1AA7A81300F8868F /* Controllers */ = {
			isa = PBXGroup;
			children = (
				8D90433E1AA7A86900F8868F /* FlickrCollectionViewController.h */,
				8D90433F1AA7A86900F8868F /* FlickrCollectionViewController.m */,
				8D90431C1AA7A7F200F8868F /* ViewController.h */,
				8D90431D1AA7A7F200F8868F /* ViewController.m */,
				8D9189AB1AAA358F00E6F04D /* BrowserViewController.h */,
				8D9189AC1AAA358F00E6F04D /* BrowserViewController.m */,
			);
			name = Controllers;
			sourceTree = "<group>";
		};
/* End PBXGroup section */

/* Begin PBXNativeTarget section */
		8D9043111AA7A7F100F8868F /* iOSTestFlickr */ = {
			isa = PBXNativeTarget;
			buildConfigurationList = 8D9043351AA7A7F200F8868F /* Build configuration list for PBXNativeTarget "iOSTestFlickr" */;
			buildPhases = (
				8D90430E1AA7A7F100F8868F /* Sources */,
				8D90430F1AA7A7F100F8868F /* Frameworks */,
				8D9043101AA7A7F100F8868F /* Resources */,
			);
			buildRules = (
			);
			dependencies = (
			);
			name = iOSTestFlickr;
			productName = iOSTestFlickr;
			productReference = 8D9043121AA7A7F200F8868F /* iOSTestFlickr.app */;
			productType = "com.apple.product-type.application";
		};
		8D90432A1AA7A7F200F8868F /* iOSTestFlickrTests */ = {
			isa = PBXNativeTarget;
			buildConfigurationList = 8D9043381AA7A7F200F8868F /* Build configuration list for PBXNativeTarget "iOSTestFlickrTests" */;
			buildPhases = (
				8D9043271AA7A7F200F8868F /* Sources */,
				8D9043281AA7A7F200F8868F /* Frameworks */,
				8D9043291AA7A7F200F8868F /* Resources */,
			);
			buildRules = (
			);
			dependencies = (
				8D90432D1AA7A7F200F8868F /* PBXTargetDependency */,
			);
			name = iOSTestFlickrTests;
			productName = iOSTestFlickrTests;
			productReference = 8D90432B1AA7A7F200F8868F /* iOSTestFlickrTests.xctest */;
			productType = "com.apple.product-type.bundle.unit-test";
		};
/* End PBXNativeTarget section */

/* Begin PBXProject section */
		8D90430A1AA7A7F100F8868F /* Project object */ = {
			isa = PBXProject;
			attributes = {
				LastUpgradeCheck = 0610;
				ORGANIZATIONNAME = CbaInnova;
				TargetAttributes = {
					8D9043111AA7A7F100F8868F = {
						CreatedOnToolsVersion = 6.1.1;
						DevelopmentTeam = L5C7ENJLUM;
					};
					8D90432A1AA7A7F200F8868F = {
						CreatedOnToolsVersion = 6.1.1;
						TestTargetID = 8D9043111AA7A7F100F8868F;
					};
				};
			};
			buildConfigurationList = 8D90430D1AA7A7F100F8868F /* Build configuration list for PBXProject "iOSTestFlickr" */;
			compatibilityVersion = "Xcode 3.2";
			developmentRegion = English;
			hasScannedForEncodings = 0;
			knownRegions = (
				en,
				Base,
			);
			mainGroup = 8D9043091AA7A7F100F8868F;
			productRefGroup = 8D9043131AA7A7F200F8868F /* Products */;
			projectDirPath = "";
			projectRoot = "";
			targets = (
				8D9043111AA7A7F100F8868F /* iOSTestFlickr */,
				8D90432A1AA7A7F200F8868F /* iOSTestFlickrTests */,
			);
		};
/* End PBXProject section */

/* Begin PBXResourcesBuildPhase section */
		8D9043101AA7A7F100F8868F /* Resources */ = {
			isa = PBXResourcesBuildPhase;
			buildActionMask = 2147483647;
			files = (
				8D9043211AA7A7F200F8868F /* Main.storyboard in Resources */,
				8D9043261AA7A7F200F8868F /* LaunchScreen.xib in Resources */,
				8D9043231AA7A7F200F8868F /* Images.xcassets in Resources */,
			);
			runOnlyForDeploymentPostprocessing = 0;
		};
		8D9043291AA7A7F200F8868F /* Resources */ = {
			isa = PBXResourcesBuildPhase;
			buildActionMask = 2147483647;
			files = (
			);
			runOnlyForDeploymentPostprocessing = 0;
		};
/* End PBXResourcesBuildPhase section */

/* Begin PBXSourcesBuildPhase section */
		8D90430E1AA7A7F100F8868F /* Sources */ = {
			isa = PBXSourcesBuildPhase;
			buildActionMask = 2147483647;
			files = (
				8D9043491AA7B6D500F8868F /* PhotoCollectionViewCell.m in Sources */,
				8D90431E1AA7A7F200F8868F /* ViewController.m in Sources */,
				8D9043431AA7AB3700F8868F /* ServerCalls.m in Sources */,
				8D90431B1AA7A7F200F8868F /* AppDelegate.m in Sources */,
				8D9043461AA7B46D00F8868F /* FlickrPhoto.m in Sources */,
				8D9189AD1AAA358F00E6F04D /* BrowserViewController.m in Sources */,
				8D9043401AA7A86900F8868F /* FlickrCollectionViewController.m in Sources */,
				8D9043181AA7A7F200F8868F /* main.m in Sources */,
			);
			runOnlyForDeploymentPostprocessing = 0;
		};
		8D9043271AA7A7F200F8868F /* Sources */ = {
			isa = PBXSourcesBuildPhase;
			buildActionMask = 2147483647;
			files = (
				8D9043321AA7A7F200F8868F /* iOSTestFlickrTests.m in Sources */,
			);
			runOnlyForDeploymentPostprocessing = 0;
		};
/* End PBXSourcesBuildPhase section */

/* Begin PBXTargetDependency section */
		8D90432D1AA7A7F200F8868F /* PBXTargetDependency */ = {
			isa = PBXTargetDependency;
			target = 8D9043111AA7A7F100F8868F /* iOSTestFlickr */;
			targetProxy = 8D90432C1AA7A7F200F8868F /* PBXContainerItemProxy */;
		};
/* End PBXTargetDependency section */

/* Begin PBXVariantGroup section */
		8D90431F1AA7A7F200F8868F /* Main.storyboard */ = {
			isa = PBXVariantGroup;
			children = (
				8D9043201AA7A7F200F8868F /* Base */,
			);
			name = Main.storyboard;
			sourceTree = "<group>";
		};
		8D9043241AA7A7F200F8868F /* LaunchScreen.xib */ = {
			isa = PBXVariantGroup;
			children = (
				8D9043251AA7A7F200F8868F /* Base */,
			);
			name = LaunchScreen.xib;
			sourceTree = "<group>";
		};
/* End PBXVariantGroup section */

/* Begin XCBuildConfiguration section */
		8D9043331AA7A7F200F8868F /* Debug */ = {
			isa = XCBuildConfiguration;
			buildSettings = {
				ALWAYS_SEARCH_USER_PATHS = NO;
				CLANG_CXX_LANGUAGE_STANDARD = "gnu++0x";
				CLANG_CXX_LIBRARY = "libc++";
				CLANG_ENABLE_MODULES = YES;
				CLANG_ENABLE_OBJC_ARC = YES;
				CLANG_WARN_BOOL_CONVERSION = YES;
				CLANG_WARN_CONSTANT_CONVERSION = YES;
				CLANG_WARN_DIRECT_OBJC_ISA_USAGE = YES_ERROR;
				CLANG_WARN_EMPTY_BODY = YES;
				CLANG_WARN_ENUM_CONVERSION = YES;
				CLANG_WARN_INT_CONVERSION = YES;
				CLANG_WARN_OBJC_ROOT_CLASS = YES_ERROR;
				CLANG_WARN_UNREACHABLE_CODE = YES;
				CLANG_WARN__DUPLICATE_METHOD_MATCH = YES;
				"CODE_SIGN_IDENTITY[sdk=iphoneos*]" = "iPhone Developer";
				COPY_PHASE_STRIP = NO;
				ENABLE_STRICT_OBJC_MSGSEND = YES;
				GCC_C_LANGUAGE_STANDARD = gnu99;
				GCC_DYNAMIC_NO_PIC = NO;
				GCC_OPTIMIZATION_LEVEL = 0;
				GCC_PREPROCESSOR_DEFINITIONS = (
					"DEBUG=1",
					"$(inherited)",
				);
				GCC_SYMBOLS_PRIVATE_EXTERN = NO;
				GCC_WARN_64_TO_32_BIT_CONVERSION = YES;
				GCC_WARN_ABOUT_RETURN_TYPE = YES_ERROR;
				GCC_WARN_UNDECLARED_SELECTOR = YES;
				GCC_WARN_UNINITIALIZED_AUTOS = YES_AGGRESSIVE;
				GCC_WARN_UNUSED_FUNCTION = YES;
				GCC_WARN_UNUSED_VARIABLE = YES;
				IPHONEOS_DEPLOYMENT_TARGET = 8.1;
				MTL_ENABLE_DEBUG_INFO = YES;
				ONLY_ACTIVE_ARCH = YES;
				SDKROOT = iphoneos;
			};
			name = Debug;
		};
		8D9043341AA7A7F200F8868F /* Release */ = {
			isa = XCBuildConfiguration;
			buildSettings = {
				ALWAYS_SEARCH_USER_PATHS = NO;
				CLANG_CXX_LANGUAGE_STANDARD = "gnu++0x";
				CLANG_CXX_LIBRARY = "libc++";
				CLANG_ENABLE_MODULES = YES;
				CLANG_ENABLE_OBJC_ARC = YES;
				CLANG_WARN_BOOL_CONVERSION = YES;
				CLANG_WARN_CONSTANT_CONVERSION = YES;
				CLANG_WARN_DIRECT_OBJC_ISA_USAGE = YES_ERROR;
				CLANG_WARN_EMPTY_BODY = YES;
				CLANG_WARN_ENUM_CONVERSION = YES;
				CLANG_WARN_INT_CONVERSION = YES;
				CLANG_WARN_OBJC_ROOT_CLASS = YES_ERROR;
				CLANG_WARN_UNREACHABLE_CODE = YES;
				CLANG_WARN__DUPLICATE_METHOD_MATCH = YES;
				"CODE_SIGN_IDENTITY[sdk=iphoneos*]" = "iPhone Developer";
				COPY_PHASE_STRIP = YES;
				ENABLE_NS_ASSERTIONS = NO;
				ENABLE_STRICT_OBJC_MSGSEND = YES;
				GCC_C_LANGUAGE_STANDARD = gnu99;
				GCC_WARN_64_TO_32_BIT_CONVERSION = YES;
				GCC_WARN_ABOUT_RETURN_TYPE = YES_ERROR;
				GCC_WARN_UNDECLARED_SELECTOR = YES;
				GCC_WARN_UNINITIALIZED_AUTOS = YES_AGGRESSIVE;
				GCC_WARN_UNUSED_FUNCTION = YES;
				GCC_WARN_UNUSED_VARIABLE = YES;
				IPHONEOS_DEPLOYMENT_TARGET = 8.1;
				MTL_ENABLE_DEBUG_INFO = NO;
				SDKROOT = iphoneos;
				VALIDATE_PRODUCT = YES;
			};
			name = Release;
		};
		8D9043361AA7A7F200F8868F /* Debug */ = {
			isa = XCBuildConfiguration;
			buildSettings = {
				ASSETCATALOG_COMPILER_APPICON_NAME = AppIcon;
				INFOPLIST_FILE = iOSTestFlickr/Info.plist;
				LD_RUNPATH_SEARCH_PATHS = "$(inherited) @executable_path/Frameworks";
				PRODUCT_NAME = "$(TARGET_NAME)";
			};
			name = Debug;
		};
		8D9043371AA7A7F200F8868F /* Release */ = {
			isa = XCBuildConfiguration;
			buildSettings = {
				ASSETCATALOG_COMPILER_APPICON_NAME = AppIcon;
				INFOPLIST_FILE = iOSTestFlickr/Info.plist;
				LD_RUNPATH_SEARCH_PATHS = "$(inherited) @executable_path/Frameworks";
				PRODUCT_NAME = "$(TARGET_NAME)";
			};
			name = Release;
		};
		8D9043391AA7A7F200F8868F /* Debug */ = {
			isa = XCBuildConfiguration;
			buildSettings = {
				BUNDLE_LOADER = "$(TEST_HOST)";
				FRAMEWORK_SEARCH_PATHS = (
					"$(SDKROOT)/Developer/Library/Frameworks",
					"$(inherited)",
				);
				GCC_PREPROCESSOR_DEFINITIONS = (
					"DEBUG=1",
					"$(inherited)",
				);
				INFOPLIST_FILE = iOSTestFlickrTests/Info.plist;
				LD_RUNPATH_SEARCH_PATHS = "$(inherited) @executable_path/Frameworks @loader_path/Frameworks";
				PRODUCT_NAME = "$(TARGET_NAME)";
				TEST_HOST = "$(BUILT_PRODUCTS_DIR)/iOSTestFlickr.app/iOSTestFlickr";
			};
			name = Debug;
		};
		8D90433A1AA7A7F200F8868F /* Release */ = {
			isa = XCBuildConfiguration;
			buildSettings = {
				BUNDLE_LOADER = "$(TEST_HOST)";
				FRAMEWORK_SEARCH_PATHS = (
					"$(SDKROOT)/Developer/Library/Frameworks",
					"$(inherited)",
				);
				INFOPLIST_FILE = iOSTestFlickrTests/Info.plist;
				LD_RUNPATH_SEARCH_PATHS = "$(inherited) @executable_path/Frameworks @loader_path/Frameworks";
				PRODUCT_NAME = "$(TARGET_NAME)";
				TEST_HOST = "$(BUILT_PRODUCTS_DIR)/iOSTestFlickr.app/iOSTestFlickr";
			};
			name = Release;
		};
/* End XCBuildConfiguration section */

/* Begin XCConfigurationList section */
		8D90430D1AA7A7F100F8868F /* Build configuration list for PBXProject "iOSTestFlickr" */ = {
			isa = XCConfigurationList;
			buildConfigurations = (
				8D9043331AA7A7F200F8868F /* Debug */,
				8D9043341AA7A7F200F8868F /* Release */,
			);
			defaultConfigurationIsVisible = 0;
			defaultConfigurationName = Release;
		};
		8D9043351AA7A7F200F8868F /* Build configuration list for PBXNativeTarget "iOSTestFlickr" */ = {
			isa = XCConfigurationList;
			buildConfigurations = (
				8D9043361AA7A7F200F8868F /* Debug */,
				8D9043371AA7A7F200F8868F /* Release */,
			);
			defaultConfigurationIsVisible = 0;
			defaultConfigurationName = Release;
		};
		8D9043381AA7A7F200F8868F /* Build configuration list for PBXNativeTarget "iOSTestFlickrTests" */ = {
			isa = XCConfigurationList;
			buildConfigurations = (
				8D9043391AA7A7F200F8868F /* Debug */,
				8D90433A1AA7A7F200F8868F /* Release */,
			);
			defaultConfigurationIsVisible = 0;
			defaultConfigurationName = Release;
		};
/* End XCConfigurationList section */
	};
	rootObject = 8D90430A1AA7A7F100F8868F /* Project object */;
}
